
Microsoft Visual Studio Solution File, Format Version 12.00
# Visual Studio Version 17
VisualStudioVersion = 17.7.34202.233
MinimumVisualStudioVersion = 10.0.40219.1
Project("{9A19103F-16F7-4668-BE54-9A1E7A4F7556}") = "Methods", "Methods\Methods.csproj", "{7F536150-B597-4BAE-9B28-8A06056C8886}"
EndProject
Project("{9A19103F-16F7-4668-BE54-9A1E7A4F7556}") = "MethodOverload", "MethodOverload\MethodOverload.csproj", "{26582928-C824-41A0-A546-2FF3D4E99B45}"
EndProject
Project("{9A19103F-16F7-4668-BE54-9A1E7A4F7556}") = "IfConditional", "IfConditional\IfConditional.csproj", "{62A87275-4A5E-4C49-B4F9-001825880003}"
EndProject
Project("{9A19103F-16F7-4668-BE54-9A1E7A4F7556}") = "IfConditionalDemo1", "IfConditionalDemo1\IfConditionalDemo1.csproj", "{551772A8-4160-4BD1-81A9-471EF2B81CE9}"
EndProject
Project("{9A19103F-16F7-4668-BE54-9A1E7A4F7556}") = "IfDemo1", "IfDemo1\IfDemo1.csproj", "{4FF794DB-849A-401A-89E1-6FEAF1647B6C}"
EndProject
Project("{9A19103F-16F7-4668-BE54-9A1E7A4F7556}") = "IfDemo2", "IfDemo2\IfDemo2.csproj", "{CB3AA386-08EE-4453-AEFB-0891A70C8EFA}"
EndProject
Project("{9A19103F-16F7-4668-BE54-9A1E7A4F7556}") = "IfDemo3", "IfDemo3\IfDemo3.csproj", "{F629FCEB-2594-4A2A-93A0-E518CFFED28A}"
EndProject
Project("{9A19103F-16F7-4668-BE54-9A1E7A4F7556}") = "IfDemo4", "IfDemo4\IfDemo4.csproj", "{0E4056D3-CF25-4230-A72F-E7B80E421CB1}"
EndProject
Project("{9A19103F-16F7-4668-BE54-9A1E7A4F7556}") = "IfDemo5", "IfDemo5\IfDemo5.csproj", "{3B0FA87D-8226-485F-8E82-27C52A4AEEE4}"
EndProject
Project("{9A19103F-16F7-4668-BE54-9A1E7A4F7556}") = "Switch", "Switch\Switch.csproj", "{80B2B3DA-52CC-4F17-B59E-CEC02E5761AA}"
EndProject
Project("{9A19103F-16F7-4668-BE54-9A1E7A4F7556}") = "SwitchDemo1", "SwitchDemo1\SwitchDemo1.csproj", "{969C3101-1833-4722-9825-CA142231B63E}"
EndProject
Project("{9A19103F-16F7-4668-BE54-9A1E7A4F7556}") = "SwitchDemo2", "SwitchDemo2\SwitchDemo2.csproj", "{DFF07AD9-CBB9-4F11-850A-CA9C95AD6DE9}"
EndProject
Project("{9A19103F-16F7-4668-BE54-9A1E7A4F7556}") = "TernaryOperator", "TernaryOperator\TernaryOperator.csproj", "{63AA147B-5C33-4957-AE5C-7EEE7B706FB5}"
EndProject
Project("{9A19103F-16F7-4668-BE54-9A1E7A4F7556}") = "TernaryOperatorDemo1", "TernaryOperatorDemo1\TernaryOperatorDemo1.csproj", "{988A6F46-4F96-4115-B1E7-08B056940832}"
EndProject
Project("{9A19103F-16F7-4668-BE54-9A1E7A4F7556}") = "CalculatorAppDemo", "CalculatorAppDemo\CalculatorAppDemo.csproj", "{3966F02B-DC30-46FD-9090-C1623425B907}"
EndProject
Project("{9A19103F-16F7-4668-BE54-9A1E7A4F7556}") = "ForLoop", "ForLoop\ForLoop.csproj", "{9F38910F-6386-4E08-B8D0-B3D4834D5CFA}"
EndProject
Project("{9A19103F-16F7-4668-BE54-9A1E7A4F7556}") = "ForLoopDemo1", "ForLoopDemo1\ForLoopDemo1.csproj", "{4688C185-24A5-4C2A-BDBD-0B05D3BA6B5F}"
EndProject
Project("{9A19103F-16F7-4668-BE54-9A1E7A4F7556}") = "ForLoopDemo2", "ForLoopDemo2\ForLoopDemo2.csproj", "{3AA5AE7C-8FC5-43A2-B470-EDCDC51A0999}"
EndProject
Project("{9A19103F-16F7-4668-BE54-9A1E7A4F7556}") = "ForLoopDemo3", "ForLoopDemo3\ForLoopDemo3.csproj", "{E97FB99E-ADEF-46A6-980B-B6E7AB29917B}"
EndProject
Project("{9A19103F-16F7-4668-BE54-9A1E7A4F7556}") = "WhileLoop", "WhileLoop\WhileLoop.csproj", "{2EE5D542-BE3C-49E6-92DF-22C9B5E0C1D6}"
EndProject
Project("{9A19103F-16F7-4668-BE54-9A1E7A4F7556}") = "WhileLoopDemo1", "WhileLoopDemo1\WhileLoopDemo1.csproj", "{35FB6528-F024-44A8-B452-8B3D93526CE7}"
EndProject
Project("{9A19103F-16F7-4668-BE54-9A1E7A4F7556}") = "WhileLoopDemo2", "WhileLoopDemo2\WhileLoopDemo2.csproj", "{72C8B647-D5C5-4FEC-8CAD-7ED00E7FDF80}"
EndProject
Project("{9A19103F-16F7-4668-BE54-9A1E7A4F7556}") = "WhileLoopDemo3", "WhileLoopDemo3\WhileLoopDemo3.csproj", "{D5D1401A-C51B-4B8B-866F-44D1C8088D84}"
EndProject
Project("{9A19103F-16F7-4668-BE54-9A1E7A4F7556}") = "WhileLoopDemo4", "WhileLoopDemo4\WhileLoopDemo4.csproj", "{96D08127-1D4C-48D0-99CD-D62B7A44ED1A}"
EndProject
Project("{FAE04EC0-301F-11D3-BF4B-00C04F79EFBC}") = "FactorialDemo", "FactorialDemo\FactorialDemo.csproj", "{320587B2-F3FD-4336-B631-4AB78AE12841}"
EndProject
Project("{FAE04EC0-301F-11D3-BF4B-00C04F79EFBC}") = "PalindromeDemo", "PalindromeDemo\PalindromeDemo.csproj", "{B9984531-FB3F-4539-B588-10D2ED8E861D}"
EndProject
Project("{FAE04EC0-301F-11D3-BF4B-00C04F79EFBC}") = "DamaTahtasiPrinterDemo", "DamaTahtasiPrinterDemo\DamaTahtasiPrinterDemo.csproj", "{ACF057CD-D058-453C-BFFD-7E650C684910}"
EndProject
Global
	GlobalSection(SolutionConfigurationPlatforms) = preSolution
		Debug|Any CPU = Debug|Any CPU
		Release|Any CPU = Release|Any CPU
	EndGlobalSection
	GlobalSection(ProjectConfigurationPlatforms) = postSolution
		{7F536150-B597-4BAE-9B28-8A06056C8886}.Debug|Any CPU.ActiveCfg = Debug|Any CPU
		{7F536150-B597-4BAE-9B28-8A06056C8886}.Debug|Any CPU.Build.0 = Debug|Any CPU
		{7F536150-B597-4BAE-9B28-8A06056C8886}.Release|Any CPU.ActiveCfg = Release|Any CPU
		{7F536150-B597-4BAE-9B28-8A06056C8886}.Release|Any CPU.Build.0 = Release|Any CPU
		{26582928-C824-41A0-A546-2FF3D4E99B45}.Debug|Any CPU.ActiveCfg = Debug|Any CPU
		{26582928-C824-41A0-A546-2FF3D4E99B45}.Debug|Any CPU.Build.0 = Debug|Any CPU
		{26582928-C824-41A0-A546-2FF3D4E99B45}.Release|Any CPU.ActiveCfg = Release|Any CPU
		{26582928-C824-41A0-A546-2FF3D4E99B45}.Release|Any CPU.Build.0 = Release|Any CPU
		{62A87275-4A5E-4C49-B4F9-001825880003}.Debug|Any CPU.ActiveCfg = Debug|Any CPU
		{62A87275-4A5E-4C49-B4F9-001825880003}.Debug|Any CPU.Build.0 = Debug|Any CPU
		{62A87275-4A5E-4C49-B4F9-001825880003}.Release|Any CPU.ActiveCfg = Release|Any CPU
		{62A87275-4A5E-4C49-B4F9-001825880003}.Release|Any CPU.Build.0 = Release|Any CPU
		{551772A8-4160-4BD1-81A9-471EF2B81CE9}.Debug|Any CPU.ActiveCfg = Debug|Any CPU
		{551772A8-4160-4BD1-81A9-471EF2B81CE9}.Debug|Any CPU.Build.0 = Debug|Any CPU
		{551772A8-4160-4BD1-81A9-471EF2B81CE9}.Release|Any CPU.ActiveCfg = Release|Any CPU
		{551772A8-4160-4BD1-81A9-471EF2B81CE9}.Release|Any CPU.Build.0 = Release|Any CPU
		{4FF794DB-849A-401A-89E1-6FEAF1647B6C}.Debug|Any CPU.ActiveCfg = Debug|Any CPU
		{4FF794DB-849A-401A-89E1-6FEAF1647B6C}.Debug|Any CPU.Build.0 = Debug|Any CPU
		{4FF794DB-849A-401A-89E1-6FEAF1647B6C}.Release|Any CPU.ActiveCfg = Release|Any CPU
		{4FF794DB-849A-401A-89E1-6FEAF1647B6C}.Release|Any CPU.Build.0 = Release|Any CPU
		{CB3AA386-08EE-4453-AEFB-0891A70C8EFA}.Debug|Any CPU.ActiveCfg = Debug|Any CPU
		{CB3AA386-08EE-4453-AEFB-0891A70C8EFA}.Debug|Any CPU.Build.0 = Debug|Any CPU
		{CB3AA386-08EE-4453-AEFB-0891A70C8EFA}.Release|Any CPU.ActiveCfg = Release|Any CPU
		{CB3AA386-08EE-4453-AEFB-0891A70C8EFA}.Release|Any CPU.Build.0 = Release|Any CPU
		{F629FCEB-2594-4A2A-93A0-E518CFFED28A}.Debug|Any CPU.ActiveCfg = Debug|Any CPU
		{F629FCEB-2594-4A2A-93A0-E518CFFED28A}.Debug|Any CPU.Build.0 = Debug|Any CPU
		{F629FCEB-2594-4A2A-93A0-E518CFFED28A}.Release|Any CPU.ActiveCfg = Release|Any CPU
		{F629FCEB-2594-4A2A-93A0-E518CFFED28A}.Release|Any CPU.Build.0 = Release|Any CPU
		{0E4056D3-CF25-4230-A72F-E7B80E421CB1}.Debug|Any CPU.ActiveCfg = Debug|Any CPU
		{0E4056D3-CF25-4230-A72F-E7B80E421CB1}.Debug|Any CPU.Build.0 = Debug|Any CPU
		{0E4056D3-CF25-4230-A72F-E7B80E421CB1}.Release|Any CPU.ActiveCfg = Release|Any CPU
		{0E4056D3-CF25-4230-A72F-E7B80E421CB1}.Release|Any CPU.Build.0 = Release|Any CPU
		{3B0FA87D-8226-485F-8E82-27C52A4AEEE4}.Debug|Any CPU.ActiveCfg = Debug|Any CPU
		{3B0FA87D-8226-485F-8E82-27C52A4AEEE4}.Debug|Any CPU.Build.0 = Debug|Any CPU
		{3B0FA87D-8226-485F-8E82-27C52A4AEEE4}.Release|Any CPU.ActiveCfg = Release|Any CPU
		{3B0FA87D-8226-485F-8E82-27C52A4AEEE4}.Release|Any CPU.Build.0 = Release|Any CPU
		{80B2B3DA-52CC-4F17-B59E-CEC02E5761AA}.Debug|Any CPU.ActiveCfg = Debug|Any CPU
		{80B2B3DA-52CC-4F17-B59E-CEC02E5761AA}.Debug|Any CPU.Build.0 = Debug|Any CPU
		{80B2B3DA-52CC-4F17-B59E-CEC02E5761AA}.Release|Any CPU.ActiveCfg = Release|Any CPU
		{80B2B3DA-52CC-4F17-B59E-CEC02E5761AA}.Release|Any CPU.Build.0 = Release|Any CPU
		{969C3101-1833-4722-9825-CA142231B63E}.Debug|Any CPU.ActiveCfg = Debug|Any CPU
		{969C3101-1833-4722-9825-CA142231B63E}.Debug|Any CPU.Build.0 = Debug|Any CPU
		{969C3101-1833-4722-9825-CA142231B63E}.Release|Any CPU.ActiveCfg = Release|Any CPU
		{969C3101-1833-4722-9825-CA142231B63E}.Release|Any CPU.Build.0 = Release|Any CPU
		{DFF07AD9-CBB9-4F11-850A-CA9C95AD6DE9}.Debug|Any CPU.ActiveCfg = Debug|Any CPU
		{DFF07AD9-CBB9-4F11-850A-CA9C95AD6DE9}.Debug|Any CPU.Build.0 = Debug|Any CPU
		{DFF07AD9-CBB9-4F11-850A-CA9C95AD6DE9}.Release|Any CPU.ActiveCfg = Release|Any CPU
		{DFF07AD9-CBB9-4F11-850A-CA9C95AD6DE9}.Release|Any CPU.Build.0 = Release|Any CPU
		{63AA147B-5C33-4957-AE5C-7EEE7B706FB5}.Debug|Any CPU.ActiveCfg = Debug|Any CPU
		{63AA147B-5C33-4957-AE5C-7EEE7B706FB5}.Debug|Any CPU.Build.0 = Debug|Any CPU
		{63AA147B-5C33-4957-AE5C-7EEE7B706FB5}.Release|Any CPU.ActiveCfg = Release|Any CPU
		{63AA147B-5C33-4957-AE5C-7EEE7B706FB5}.Release|Any CPU.Build.0 = Release|Any CPU
		{988A6F46-4F96-4115-B1E7-08B056940832}.Debug|Any CPU.ActiveCfg = Debug|Any CPU
		{988A6F46-4F96-4115-B1E7-08B056940832}.Debug|Any CPU.Build.0 = Debug|Any CPU
		{988A6F46-4F96-4115-B1E7-08B056940832}.Release|Any CPU.ActiveCfg = Release|Any CPU
		{988A6F46-4F96-4115-B1E7-08B056940832}.Release|Any CPU.Build.0 = Release|Any CPU
		{3966F02B-DC30-46FD-9090-C1623425B907}.Debug|Any CPU.ActiveCfg = Debug|Any CPU
		{3966F02B-DC30-46FD-9090-C1623425B907}.Debug|Any CPU.Build.0 = Debug|Any CPU
		{3966F02B-DC30-46FD-9090-C1623425B907}.Release|Any CPU.ActiveCfg = Release|Any CPU
		{3966F02B-DC30-46FD-9090-C1623425B907}.Release|Any CPU.Build.0 = Release|Any CPU
		{9F38910F-6386-4E08-B8D0-B3D4834D5CFA}.Debug|Any CPU.ActiveCfg = Debug|Any CPU
		{9F38910F-6386-4E08-B8D0-B3D4834D5CFA}.Debug|Any CPU.Build.0 = Debug|Any CPU
		{9F38910F-6386-4E08-B8D0-B3D4834D5CFA}.Release|Any CPU.ActiveCfg = Release|Any CPU
		{9F38910F-6386-4E08-B8D0-B3D4834D5CFA}.Release|Any CPU.Build.0 = Release|Any CPU
		{4688C185-24A5-4C2A-BDBD-0B05D3BA6B5F}.Debug|Any CPU.ActiveCfg = Debug|Any CPU
		{4688C185-24A5-4C2A-BDBD-0B05D3BA6B5F}.Debug|Any CPU.Build.0 = Debug|Any CPU
		{4688C185-24A5-4C2A-BDBD-0B05D3BA6B5F}.Release|Any CPU.ActiveCfg = Release|Any CPU
		{4688C185-24A5-4C2A-BDBD-0B05D3BA6B5F}.Release|Any CPU.Build.0 = Release|Any CPU
		{3AA5AE7C-8FC5-43A2-B470-EDCDC51A0999}.Debug|Any CPU.ActiveCfg = Debug|Any CPU
		{3AA5AE7C-8FC5-43A2-B470-EDCDC51A0999}.Debug|Any CPU.Build.0 = Debug|Any CPU
		{3AA5AE7C-8FC5-43A2-B470-EDCDC51A0999}.Release|Any CPU.ActiveCfg = Release|Any CPU
		{3AA5AE7C-8FC5-43A2-B470-EDCDC51A0999}.Release|Any CPU.Build.0 = Release|Any CPU
		{E97FB99E-ADEF-46A6-980B-B6E7AB29917B}.Debug|Any CPU.ActiveCfg = Debug|Any CPU
		{E97FB99E-ADEF-46A6-980B-B6E7AB29917B}.Debug|Any CPU.Build.0 = Debug|Any CPU
		{E97FB99E-ADEF-46A6-980B-B6E7AB29917B}.Release|Any CPU.ActiveCfg = Release|Any CPU
		{E97FB99E-ADEF-46A6-980B-B6E7AB29917B}.Release|Any CPU.Build.0 = Release|Any CPU
		{2EE5D542-BE3C-49E6-92DF-22C9B5E0C1D6}.Debug|Any CPU.ActiveCfg = Debug|Any CPU
		{2EE5D542-BE3C-49E6-92DF-22C9B5E0C1D6}.Debug|Any CPU.Build.0 = Debug|Any CPU
		{2EE5D542-BE3C-49E6-92DF-22C9B5E0C1D6}.Release|Any CPU.ActiveCfg = Release|Any CPU
		{2EE5D542-BE3C-49E6-92DF-22C9B5E0C1D6}.Release|Any CPU.Build.0 = Release|Any CPU
		{35FB6528-F024-44A8-B452-8B3D93526CE7}.Debug|Any CPU.ActiveCfg = Debug|Any CPU
		{35FB6528-F024-44A8-B452-8B3D93526CE7}.Debug|Any CPU.Build.0 = Debug|Any CPU
		{35FB6528-F024-44A8-B452-8B3D93526CE7}.Release|Any CPU.ActiveCfg = Release|Any CPU
		{35FB6528-F024-44A8-B452-8B3D93526CE7}.Release|Any CPU.Build.0 = Release|Any CPU
		{72C8B647-D5C5-4FEC-8CAD-7ED00E7FDF80}.Debug|Any CPU.ActiveCfg = Debug|Any CPU
		{72C8B647-D5C5-4FEC-8CAD-7ED00E7FDF80}.Debug|Any CPU.Build.0 = Debug|Any CPU
		{72C8B647-D5C5-4FEC-8CAD-7ED00E7FDF80}.Release|Any CPU.ActiveCfg = Release|Any CPU
		{72C8B647-D5C5-4FEC-8CAD-7ED00E7FDF80}.Release|Any CPU.Build.0 = Release|Any CPU
		{D5D1401A-C51B-4B8B-866F-44D1C8088D84}.Debug|Any CPU.ActiveCfg = Debug|Any CPU
		{D5D1401A-C51B-4B8B-866F-44D1C8088D84}.Debug|Any CPU.Build.0 = Debug|Any CPU
		{D5D1401A-C51B-4B8B-866F-44D1C8088D84}.Release|Any CPU.ActiveCfg = Release|Any CPU
		{D5D1401A-C51B-4B8B-866F-44D1C8088D84}.Release|Any CPU.Build.0 = Release|Any CPU
		{96D08127-1D4C-48D0-99CD-D62B7A44ED1A}.Debug|Any CPU.ActiveCfg = Debug|Any CPU
		{96D08127-1D4C-48D0-99CD-D62B7A44ED1A}.Debug|Any CPU.Build.0 = Debug|Any CPU
		{96D08127-1D4C-48D0-99CD-D62B7A44ED1A}.Release|Any CPU.ActiveCfg = Release|Any CPU
		{96D08127-1D4C-48D0-99CD-D62B7A44ED1A}.Release|Any CPU.Build.0 = Release|Any CPU
		{320587B2-F3FD-4336-B631-4AB78AE12841}.Debug|Any CPU.ActiveCfg = Debug|Any CPU
		{320587B2-F3FD-4336-B631-4AB78AE12841}.Debug|Any CPU.Build.0 = Debug|Any CPU
		{320587B2-F3FD-4336-B631-4AB78AE12841}.Release|Any CPU.ActiveCfg = Release|Any CPU
		{320587B2-F3FD-4336-B631-4AB78AE12841}.Release|Any CPU.Build.0 = Release|Any CPU
		{B9984531-FB3F-4539-B588-10D2ED8E861D}.Debug|Any CPU.ActiveCfg = Debug|Any CPU
		{B9984531-FB3F-4539-B588-10D2ED8E861D}.Debug|Any CPU.Build.0 = Debug|Any CPU
		{B9984531-FB3F-4539-B588-10D2ED8E861D}.Release|Any CPU.ActiveCfg = Release|Any CPU
		{B9984531-FB3F-4539-B588-10D2ED8E861D}.Release|Any CPU.Build.0 = Release|Any CPU
		{ACF057CD-D058-453C-BFFD-7E650C684910}.Debug|Any CPU.ActiveCfg = Debug|Any CPU
		{ACF057CD-D058-453C-BFFD-7E650C684910}.Debug|Any CPU.Build.0 = Debug|Any CPU
		{ACF057CD-D058-453C-BFFD-7E650C684910}.Release|Any CPU.ActiveCfg = Release|Any CPU
		{ACF057CD-D058-453C-BFFD-7E650C684910}.Release|Any CPU.Build.0 = Release|Any CPU
	EndGlobalSection
	GlobalSection(SolutionProperties) = preSolution
		HideSolutionNode = FALSE
	EndGlobalSection
	GlobalSection(ExtensibilityGlobals) = postSolution
		SolutionGuid = {E47EBA02-35A5-4978-800A-4AFF99A4F1A8}
	EndGlobalSection
EndGlobal
