
Microsoft Visual Studio Solution File, Format Version 12.00
# Visual Studio Version 17
VisualStudioVersion = 17.8.34330.188
MinimumVisualStudioVersion = 10.0.40219.1
Project("{FAE04EC0-301F-11D3-BF4B-00C04F79EFBC}") = "FirstWebAPI.WebAPI", "FirstWebAPI.WebAPI\FirstWebAPI.WebAPI.csproj", "{A0824615-1976-4FBE-870A-1A4A4D58D10F}"
EndProject
Global
	GlobalSection(SolutionConfigurationPlatforms) = preSolution
		Debug|Any CPU = Debug|Any CPU
		Release|Any CPU = Release|Any CPU
	EndGlobalSection
	GlobalSection(ProjectConfigurationPlatforms) = postSolution
		{A0824615-1976-4FBE-870A-1A4A4D58D10F}.Debug|Any CPU.ActiveCfg = Debug|Any CPU
		{A0824615-1976-4FBE-870A-1A4A4D58D10F}.Debug|Any CPU.Build.0 = Debug|Any CPU
		{A0824615-1976-4FBE-870A-1A4A4D58D10F}.Release|Any CPU.ActiveCfg = Release|Any CPU
		{A0824615-1976-4FBE-870A-1A4A4D58D10F}.Release|Any CPU.Build.0 = Release|Any CPU
	EndGlobalSection
	GlobalSection(SolutionProperties) = preSolution
		HideSolutionNode = FALSE
	EndGlobalSection
	GlobalSection(ExtensibilityGlobals) = postSolution
		SolutionGuid = {392A0F6A-31CA-4234-BC13-ADB9407D9465}
	EndGlobalSection
EndGlobal
