
Microsoft Visual Studio Solution File, Format Version 12.00
# Visual Studio Version 17
VisualStudioVersion = 17.8.34330.188
MinimumVisualStudioVersion = 10.0.40219.1
Project("{9A19103F-16F7-4668-BE54-9A1E7A4F7556}") = "Constructors", "Constructors\Constructors.csproj", "{2ACD51EA-5ECB-4FC8-8C78-6C34257C56CC}"
EndProject
Project("{9A19103F-16F7-4668-BE54-9A1E7A4F7556}") = "OgrenciDemo", "OgrenciDemo\OgrenciDemo.csproj", "{8A43F381-F323-4E3A-813B-B89EEA9FEEE4}"
EndProject
Project("{9A19103F-16F7-4668-BE54-9A1E7A4F7556}") = "TimeOperationsDemo", "TimeOperationsDemo\TimeOperationsDemo.csproj", "{E6CA7E3F-381C-4418-9D26-5304AB5C95B3}"
EndProject
Project("{9A19103F-16F7-4668-BE54-9A1E7A4F7556}") = "FinalizersAndDisposable", "FinalizersAndDisposable\FinalizersAndDisposable.csproj", "{DDDAB841-719C-4547-95E5-43A162BC8F84}"
EndProject
Project("{9A19103F-16F7-4668-BE54-9A1E7A4F7556}") = "StaticClassesAndMethods", "StaticClassesAndMethods\StaticClassesAndMethods.csproj", "{353735E3-E476-40DB-9989-9A664647B89A}"
EndProject
Project("{9A19103F-16F7-4668-BE54-9A1E7A4F7556}") = "StaticDemo", "StaticDemo\StaticDemo.csproj", "{8B9920E7-3445-4C3C-8F6C-46223BB44B13}"
EndProject
Project("{9A19103F-16F7-4668-BE54-9A1E7A4F7556}") = "Interfaces", "Interfaces\Interfaces.csproj", "{2BBD05E2-9A40-45AA-AD08-E850179B9A8F}"
EndProject
Project("{9A19103F-16F7-4668-BE54-9A1E7A4F7556}") = "InterfacesDemo", "InterfacesDemo\InterfacesDemo.csproj", "{EDC3DF47-9CB7-471B-A66F-6E9DF7D93E5A}"
EndProject
Project("{9A19103F-16F7-4668-BE54-9A1E7A4F7556}") = "InterfaceSegregation", "InterfaceSegregation\InterfaceSegregation.csproj", "{E6782D24-363A-4AB1-BB9A-F590591B514C}"
EndProject
Project("{9A19103F-16F7-4668-BE54-9A1E7A4F7556}") = "InterfacesDemo1", "InterfacesDemo1\InterfacesDemo1.csproj", "{B71C2DD7-92A2-4C53-8E12-E6E4A87D53DD}"
EndProject
Project("{9A19103F-16F7-4668-BE54-9A1E7A4F7556}") = "Inheritance", "Inheritance\Inheritance.csproj", "{7531AB05-4F19-4949-B8C7-7691B78DEDCC}"
EndProject
Project("{9A19103F-16F7-4668-BE54-9A1E7A4F7556}") = "AbstractClasses", "AbstractClasses\AbstractClasses.csproj", "{92BD4F6C-54FC-4762-9E51-DC6A6BE98ADE}"
EndProject
Project("{9A19103F-16F7-4668-BE54-9A1E7A4F7556}") = "AbstractClassesDemo1", "AbstractClassesDemo1\AbstractClassesDemo1.csproj", "{AFC00AEA-1076-4960-B5E2-479F9C0C6884}"
EndProject
Project("{9A19103F-16F7-4668-BE54-9A1E7A4F7556}") = "AbstractClassesDemo2", "AbstractClassesDemo2\AbstractClassesDemo2.csproj", "{32FE2148-B7AD-4E5C-BB68-1D36BC72BAFE}"
EndProject
Project("{9A19103F-16F7-4668-BE54-9A1E7A4F7556}") = "InterfaceVsAbstractClass", "InterfaceVsAbstractClass\InterfaceVsAbstractClass.csproj", "{B3127541-3D15-452D-8EC3-81549F61342F}"
EndProject
Project("{9A19103F-16F7-4668-BE54-9A1E7A4F7556}") = "InterfaceVsAbstractClass1", "InterfaceVsAbstractClass1\InterfaceVsAbstractClass1.csproj", "{52EEDCF7-A831-4E0A-88AA-1AED80C29FB0}"
EndProject
Project("{9A19103F-16F7-4668-BE54-9A1E7A4F7556}") = "Polimorphism", "Polimorphism\Polimorphism.csproj", "{60804A88-04AB-437A-8607-391C0263D39C}"
EndProject
Project("{FAE04EC0-301F-11D3-BF4B-00C04F79EFBC}") = "ArrayOfObjects_TimeSpan_Casting", "ArrayOfObjects_TimeSpan_Casting\ArrayOfObjects_TimeSpan_Casting.csproj", "{74379802-D8EE-4CA9-82B0-E22D9234350C}"
EndProject
Project("{FAE04EC0-301F-11D3-BF4B-00C04F79EFBC}") = "TypeofAndNameof", "TypeofAndNameof\TypeofAndNameof.csproj", "{7FB717E6-1CEB-4134-99E0-90EED5A14868}"
EndProject
Global
	GlobalSection(SolutionConfigurationPlatforms) = preSolution
		Debug|Any CPU = Debug|Any CPU
		Release|Any CPU = Release|Any CPU
	EndGlobalSection
	GlobalSection(ProjectConfigurationPlatforms) = postSolution
		{2ACD51EA-5ECB-4FC8-8C78-6C34257C56CC}.Debug|Any CPU.ActiveCfg = Debug|Any CPU
		{2ACD51EA-5ECB-4FC8-8C78-6C34257C56CC}.Debug|Any CPU.Build.0 = Debug|Any CPU
		{2ACD51EA-5ECB-4FC8-8C78-6C34257C56CC}.Release|Any CPU.ActiveCfg = Release|Any CPU
		{2ACD51EA-5ECB-4FC8-8C78-6C34257C56CC}.Release|Any CPU.Build.0 = Release|Any CPU
		{8A43F381-F323-4E3A-813B-B89EEA9FEEE4}.Debug|Any CPU.ActiveCfg = Debug|Any CPU
		{8A43F381-F323-4E3A-813B-B89EEA9FEEE4}.Debug|Any CPU.Build.0 = Debug|Any CPU
		{8A43F381-F323-4E3A-813B-B89EEA9FEEE4}.Release|Any CPU.ActiveCfg = Release|Any CPU
		{8A43F381-F323-4E3A-813B-B89EEA9FEEE4}.Release|Any CPU.Build.0 = Release|Any CPU
		{E6CA7E3F-381C-4418-9D26-5304AB5C95B3}.Debug|Any CPU.ActiveCfg = Debug|Any CPU
		{E6CA7E3F-381C-4418-9D26-5304AB5C95B3}.Debug|Any CPU.Build.0 = Debug|Any CPU
		{E6CA7E3F-381C-4418-9D26-5304AB5C95B3}.Release|Any CPU.ActiveCfg = Release|Any CPU
		{E6CA7E3F-381C-4418-9D26-5304AB5C95B3}.Release|Any CPU.Build.0 = Release|Any CPU
		{DDDAB841-719C-4547-95E5-43A162BC8F84}.Debug|Any CPU.ActiveCfg = Debug|Any CPU
		{DDDAB841-719C-4547-95E5-43A162BC8F84}.Debug|Any CPU.Build.0 = Debug|Any CPU
		{DDDAB841-719C-4547-95E5-43A162BC8F84}.Release|Any CPU.ActiveCfg = Release|Any CPU
		{DDDAB841-719C-4547-95E5-43A162BC8F84}.Release|Any CPU.Build.0 = Release|Any CPU
		{353735E3-E476-40DB-9989-9A664647B89A}.Debug|Any CPU.ActiveCfg = Debug|Any CPU
		{353735E3-E476-40DB-9989-9A664647B89A}.Debug|Any CPU.Build.0 = Debug|Any CPU
		{353735E3-E476-40DB-9989-9A664647B89A}.Release|Any CPU.ActiveCfg = Release|Any CPU
		{353735E3-E476-40DB-9989-9A664647B89A}.Release|Any CPU.Build.0 = Release|Any CPU
		{8B9920E7-3445-4C3C-8F6C-46223BB44B13}.Debug|Any CPU.ActiveCfg = Debug|Any CPU
		{8B9920E7-3445-4C3C-8F6C-46223BB44B13}.Debug|Any CPU.Build.0 = Debug|Any CPU
		{8B9920E7-3445-4C3C-8F6C-46223BB44B13}.Release|Any CPU.ActiveCfg = Release|Any CPU
		{8B9920E7-3445-4C3C-8F6C-46223BB44B13}.Release|Any CPU.Build.0 = Release|Any CPU
		{2BBD05E2-9A40-45AA-AD08-E850179B9A8F}.Debug|Any CPU.ActiveCfg = Debug|Any CPU
		{2BBD05E2-9A40-45AA-AD08-E850179B9A8F}.Debug|Any CPU.Build.0 = Debug|Any CPU
		{2BBD05E2-9A40-45AA-AD08-E850179B9A8F}.Release|Any CPU.ActiveCfg = Release|Any CPU
		{2BBD05E2-9A40-45AA-AD08-E850179B9A8F}.Release|Any CPU.Build.0 = Release|Any CPU
		{EDC3DF47-9CB7-471B-A66F-6E9DF7D93E5A}.Debug|Any CPU.ActiveCfg = Debug|Any CPU
		{EDC3DF47-9CB7-471B-A66F-6E9DF7D93E5A}.Debug|Any CPU.Build.0 = Debug|Any CPU
		{EDC3DF47-9CB7-471B-A66F-6E9DF7D93E5A}.Release|Any CPU.ActiveCfg = Release|Any CPU
		{EDC3DF47-9CB7-471B-A66F-6E9DF7D93E5A}.Release|Any CPU.Build.0 = Release|Any CPU
		{E6782D24-363A-4AB1-BB9A-F590591B514C}.Debug|Any CPU.ActiveCfg = Debug|Any CPU
		{E6782D24-363A-4AB1-BB9A-F590591B514C}.Debug|Any CPU.Build.0 = Debug|Any CPU
		{E6782D24-363A-4AB1-BB9A-F590591B514C}.Release|Any CPU.ActiveCfg = Release|Any CPU
		{E6782D24-363A-4AB1-BB9A-F590591B514C}.Release|Any CPU.Build.0 = Release|Any CPU
		{B71C2DD7-92A2-4C53-8E12-E6E4A87D53DD}.Debug|Any CPU.ActiveCfg = Debug|Any CPU
		{B71C2DD7-92A2-4C53-8E12-E6E4A87D53DD}.Debug|Any CPU.Build.0 = Debug|Any CPU
		{B71C2DD7-92A2-4C53-8E12-E6E4A87D53DD}.Release|Any CPU.ActiveCfg = Release|Any CPU
		{B71C2DD7-92A2-4C53-8E12-E6E4A87D53DD}.Release|Any CPU.Build.0 = Release|Any CPU
		{7531AB05-4F19-4949-B8C7-7691B78DEDCC}.Debug|Any CPU.ActiveCfg = Debug|Any CPU
		{7531AB05-4F19-4949-B8C7-7691B78DEDCC}.Debug|Any CPU.Build.0 = Debug|Any CPU
		{7531AB05-4F19-4949-B8C7-7691B78DEDCC}.Release|Any CPU.ActiveCfg = Release|Any CPU
		{7531AB05-4F19-4949-B8C7-7691B78DEDCC}.Release|Any CPU.Build.0 = Release|Any CPU
		{92BD4F6C-54FC-4762-9E51-DC6A6BE98ADE}.Debug|Any CPU.ActiveCfg = Debug|Any CPU
		{92BD4F6C-54FC-4762-9E51-DC6A6BE98ADE}.Debug|Any CPU.Build.0 = Debug|Any CPU
		{92BD4F6C-54FC-4762-9E51-DC6A6BE98ADE}.Release|Any CPU.ActiveCfg = Release|Any CPU
		{92BD4F6C-54FC-4762-9E51-DC6A6BE98ADE}.Release|Any CPU.Build.0 = Release|Any CPU
		{AFC00AEA-1076-4960-B5E2-479F9C0C6884}.Debug|Any CPU.ActiveCfg = Debug|Any CPU
		{AFC00AEA-1076-4960-B5E2-479F9C0C6884}.Debug|Any CPU.Build.0 = Debug|Any CPU
		{AFC00AEA-1076-4960-B5E2-479F9C0C6884}.Release|Any CPU.ActiveCfg = Release|Any CPU
		{AFC00AEA-1076-4960-B5E2-479F9C0C6884}.Release|Any CPU.Build.0 = Release|Any CPU
		{32FE2148-B7AD-4E5C-BB68-1D36BC72BAFE}.Debug|Any CPU.ActiveCfg = Debug|Any CPU
		{32FE2148-B7AD-4E5C-BB68-1D36BC72BAFE}.Debug|Any CPU.Build.0 = Debug|Any CPU
		{32FE2148-B7AD-4E5C-BB68-1D36BC72BAFE}.Release|Any CPU.ActiveCfg = Release|Any CPU
		{32FE2148-B7AD-4E5C-BB68-1D36BC72BAFE}.Release|Any CPU.Build.0 = Release|Any CPU
		{B3127541-3D15-452D-8EC3-81549F61342F}.Debug|Any CPU.ActiveCfg = Debug|Any CPU
		{B3127541-3D15-452D-8EC3-81549F61342F}.Debug|Any CPU.Build.0 = Debug|Any CPU
		{B3127541-3D15-452D-8EC3-81549F61342F}.Release|Any CPU.ActiveCfg = Release|Any CPU
		{B3127541-3D15-452D-8EC3-81549F61342F}.Release|Any CPU.Build.0 = Release|Any CPU
		{52EEDCF7-A831-4E0A-88AA-1AED80C29FB0}.Debug|Any CPU.ActiveCfg = Debug|Any CPU
		{52EEDCF7-A831-4E0A-88AA-1AED80C29FB0}.Debug|Any CPU.Build.0 = Debug|Any CPU
		{52EEDCF7-A831-4E0A-88AA-1AED80C29FB0}.Release|Any CPU.ActiveCfg = Release|Any CPU
		{52EEDCF7-A831-4E0A-88AA-1AED80C29FB0}.Release|Any CPU.Build.0 = Release|Any CPU
		{60804A88-04AB-437A-8607-391C0263D39C}.Debug|Any CPU.ActiveCfg = Debug|Any CPU
		{60804A88-04AB-437A-8607-391C0263D39C}.Debug|Any CPU.Build.0 = Debug|Any CPU
		{60804A88-04AB-437A-8607-391C0263D39C}.Release|Any CPU.ActiveCfg = Release|Any CPU
		{60804A88-04AB-437A-8607-391C0263D39C}.Release|Any CPU.Build.0 = Release|Any CPU
		{74379802-D8EE-4CA9-82B0-E22D9234350C}.Debug|Any CPU.ActiveCfg = Debug|Any CPU
		{74379802-D8EE-4CA9-82B0-E22D9234350C}.Debug|Any CPU.Build.0 = Debug|Any CPU
		{74379802-D8EE-4CA9-82B0-E22D9234350C}.Release|Any CPU.ActiveCfg = Release|Any CPU
		{74379802-D8EE-4CA9-82B0-E22D9234350C}.Release|Any CPU.Build.0 = Release|Any CPU
		{7FB717E6-1CEB-4134-99E0-90EED5A14868}.Debug|Any CPU.ActiveCfg = Debug|Any CPU
		{7FB717E6-1CEB-4134-99E0-90EED5A14868}.Debug|Any CPU.Build.0 = Debug|Any CPU
		{7FB717E6-1CEB-4134-99E0-90EED5A14868}.Release|Any CPU.ActiveCfg = Release|Any CPU
		{7FB717E6-1CEB-4134-99E0-90EED5A14868}.Release|Any CPU.Build.0 = Release|Any CPU
	EndGlobalSection
	GlobalSection(SolutionProperties) = preSolution
		HideSolutionNode = FALSE
	EndGlobalSection
	GlobalSection(ExtensibilityGlobals) = postSolution
		SolutionGuid = {46598178-EB4E-4EC3-80F9-3CA43E4275D1}
	EndGlobalSection
EndGlobal
