
Microsoft Visual Studio Solution File, Format Version 12.00
Project("{FAE04EC0-301F-11D3-BF4B-00C04F79EFBC}") = "StockServer.Domain", "StockServer.Domain\StockServer.Domain.csproj", "{A936EECF-9238-43D7-B1EE-7B0406B45CCB}"
EndProject
Project("{FAE04EC0-301F-11D3-BF4B-00C04F79EFBC}") = "StockServer.Application", "StockServer.Application\StockServer.Application.csproj", "{21391CBE-EC01-4491-83E7-D0AC861434D6}"
EndProject
Project("{FAE04EC0-301F-11D3-BF4B-00C04F79EFBC}") = "StockServer.Infrastructure", "StockServer.Infrastructure\StockServer.Infrastructure.csproj", "{A448F8C3-A491-44E8-A430-8175D3FE6C83}"
EndProject
Project("{FAE04EC0-301F-11D3-BF4B-00C04F79EFBC}") = "StockServer.WebAPI", "StockServer.WebAPI\StockServer.WebAPI.csproj", "{3635A2D7-3B4A-4510-8C28-8763E7AEEC5C}"
EndProject
Global
	GlobalSection(SolutionConfigurationPlatforms) = preSolution
		Debug|Any CPU = Debug|Any CPU
		Release|Any CPU = Release|Any CPU
	EndGlobalSection
	GlobalSection(ProjectConfigurationPlatforms) = postSolution
		{A936EECF-9238-43D7-B1EE-7B0406B45CCB}.Debug|Any CPU.ActiveCfg = Debug|Any CPU
		{A936EECF-9238-43D7-B1EE-7B0406B45CCB}.Debug|Any CPU.Build.0 = Debug|Any CPU
		{A936EECF-9238-43D7-B1EE-7B0406B45CCB}.Release|Any CPU.ActiveCfg = Release|Any CPU
		{A936EECF-9238-43D7-B1EE-7B0406B45CCB}.Release|Any CPU.Build.0 = Release|Any CPU
		{21391CBE-EC01-4491-83E7-D0AC861434D6}.Debug|Any CPU.ActiveCfg = Debug|Any CPU
		{21391CBE-EC01-4491-83E7-D0AC861434D6}.Debug|Any CPU.Build.0 = Debug|Any CPU
		{21391CBE-EC01-4491-83E7-D0AC861434D6}.Release|Any CPU.ActiveCfg = Release|Any CPU
		{21391CBE-EC01-4491-83E7-D0AC861434D6}.Release|Any CPU.Build.0 = Release|Any CPU
		{A448F8C3-A491-44E8-A430-8175D3FE6C83}.Debug|Any CPU.ActiveCfg = Debug|Any CPU
		{A448F8C3-A491-44E8-A430-8175D3FE6C83}.Debug|Any CPU.Build.0 = Debug|Any CPU
		{A448F8C3-A491-44E8-A430-8175D3FE6C83}.Release|Any CPU.ActiveCfg = Release|Any CPU
		{A448F8C3-A491-44E8-A430-8175D3FE6C83}.Release|Any CPU.Build.0 = Release|Any CPU
		{3635A2D7-3B4A-4510-8C28-8763E7AEEC5C}.Debug|Any CPU.ActiveCfg = Debug|Any CPU
		{3635A2D7-3B4A-4510-8C28-8763E7AEEC5C}.Debug|Any CPU.Build.0 = Debug|Any CPU
		{3635A2D7-3B4A-4510-8C28-8763E7AEEC5C}.Release|Any CPU.ActiveCfg = Release|Any CPU
		{3635A2D7-3B4A-4510-8C28-8763E7AEEC5C}.Release|Any CPU.Build.0 = Release|Any CPU
	EndGlobalSection
EndGlobal
