
Microsoft Visual Studio Solution File, Format Version 12.00
# Visual Studio Version 17
VisualStudioVersion = 17.8.34601.278
MinimumVisualStudioVersion = 10.0.40219.1
Project("{9A19103F-16F7-4668-BE54-9A1E7A4F7556}") = "eCommerceServer.WebAPI", "eCommerceServer.WebAPI\eCommerceServer.WebAPI.csproj", "{6D95AD02-F500-4AA0-A70C-EF4BEB4FEFCC}"
EndProject
Project("{9A19103F-16F7-4668-BE54-9A1E7A4F7556}") = "eCommerce.Domain", "eCommerce.Domain\eCommerce.Domain.csproj", "{A3E98A93-3DA9-4303-BF05-B9500B80A76C}"
EndProject
Project("{9A19103F-16F7-4668-BE54-9A1E7A4F7556}") = "eCommerce.Infrastructure", "eCommerce.Infrastructure\eCommerce.Infrastructure.csproj", "{3D1C7054-70C0-425D-BECE-1380F2D9BF8E}"
EndProject
Project("{FAE04EC0-301F-11D3-BF4B-00C04F79EFBC}") = "eCommerce.Application", "eCommerce.Application\eCommerce.Application.csproj", "{C4C05F9D-A65C-4621-9C93-BDB0BF8E4F59}"
EndProject
Global
	GlobalSection(SolutionConfigurationPlatforms) = preSolution
		Debug|Any CPU = Debug|Any CPU
		Release|Any CPU = Release|Any CPU
	EndGlobalSection
	GlobalSection(ProjectConfigurationPlatforms) = postSolution
		{6D95AD02-F500-4AA0-A70C-EF4BEB4FEFCC}.Debug|Any CPU.ActiveCfg = Debug|Any CPU
		{6D95AD02-F500-4AA0-A70C-EF4BEB4FEFCC}.Debug|Any CPU.Build.0 = Debug|Any CPU
		{6D95AD02-F500-4AA0-A70C-EF4BEB4FEFCC}.Release|Any CPU.ActiveCfg = Release|Any CPU
		{6D95AD02-F500-4AA0-A70C-EF4BEB4FEFCC}.Release|Any CPU.Build.0 = Release|Any CPU
		{A3E98A93-3DA9-4303-BF05-B9500B80A76C}.Debug|Any CPU.ActiveCfg = Debug|Any CPU
		{A3E98A93-3DA9-4303-BF05-B9500B80A76C}.Debug|Any CPU.Build.0 = Debug|Any CPU
		{A3E98A93-3DA9-4303-BF05-B9500B80A76C}.Release|Any CPU.ActiveCfg = Release|Any CPU
		{A3E98A93-3DA9-4303-BF05-B9500B80A76C}.Release|Any CPU.Build.0 = Release|Any CPU
		{3D1C7054-70C0-425D-BECE-1380F2D9BF8E}.Debug|Any CPU.ActiveCfg = Debug|Any CPU
		{3D1C7054-70C0-425D-BECE-1380F2D9BF8E}.Debug|Any CPU.Build.0 = Debug|Any CPU
		{3D1C7054-70C0-425D-BECE-1380F2D9BF8E}.Release|Any CPU.ActiveCfg = Release|Any CPU
		{3D1C7054-70C0-425D-BECE-1380F2D9BF8E}.Release|Any CPU.Build.0 = Release|Any CPU
		{C4C05F9D-A65C-4621-9C93-BDB0BF8E4F59}.Debug|Any CPU.ActiveCfg = Debug|Any CPU
		{C4C05F9D-A65C-4621-9C93-BDB0BF8E4F59}.Debug|Any CPU.Build.0 = Debug|Any CPU
		{C4C05F9D-A65C-4621-9C93-BDB0BF8E4F59}.Release|Any CPU.ActiveCfg = Release|Any CPU
		{C4C05F9D-A65C-4621-9C93-BDB0BF8E4F59}.Release|Any CPU.Build.0 = Release|Any CPU
	EndGlobalSection
	GlobalSection(SolutionProperties) = preSolution
		HideSolutionNode = FALSE
	EndGlobalSection
	GlobalSection(ExtensibilityGlobals) = postSolution
		SolutionGuid = {6CF8B9EC-1891-44E0-A69A-1035841CACB3}
	EndGlobalSection
EndGlobal
